{
  "name": "cjs_node",
  "version": "1.0.0",
  "lockfileVersion": 3,
  "requires": true,
  "packages": {
    "": {
      "name": "cjs_node",
      "version": "1.0.0",
      "license": "ISC",
      "dependencies": {
        "@nghiavuive/lunar_date_vi": "^2.0.1-beta.4"
      }
    },
    "node_modules/@nghiavuive/lunar_date_vi": {
      "version": "2.0.1-beta.4",
      "resolved": "https://registry.npmjs.org/@nghiavuive/lunar_date_vi/-/lunar_date_vi-2.0.1-beta.4.tgz",
      "integrity": "sha512-3hcdZLcsdCNZtl1S7GXIuNmvGTYMgtDTxgrk9Y4pG7f9q2ORU4w2nMvNOVs1muOzbtLJKMsPC1sxzJ3i05YhzA=="
    }
  }
}
