{
  "name": "ts",
  "version": "1.0.0",
  "lockfileVersion": 3,
  "requires": true,
  "packages": {
    "": {
      "name": "ts",
      "version": "1.0.0",
      "license": "ISC",
      "dependencies": {
        "@nghiavuive/lunar_date_vi": "^2.0.1-beta.4",
        "typescript": "^5.1.6"
      }
    },
    "node_modules/@nghiavuive/lunar_date_vi": {
      "version": "2.0.1-beta.4",
      "resolved": "https://registry.npmjs.org/@nghiavuive/lunar_date_vi/-/lunar_date_vi-2.0.1-beta.4.tgz",
      "integrity": "sha512-3hcdZLcsdCNZtl1S7GXIuNmvGTYMgtDTxgrk9Y4pG7f9q2ORU4w2nMvNOVs1muOzbtLJKMsPC1sxzJ3i05YhzA=="
    },
    "node_modules/typescript": {
      "version": "5.1.6",
      "resolved": "https://registry.npmjs.org/typescript/-/typescript-5.1.6.tgz",
      "integrity": "sha512-zaWCozRZ6DLEWAWFrVDz1H6FVXzUSfTy5FUMWsQlU8Ym5JP9eO4xkTIROFCQvhQf61z6O/G6ugw3SgAnvvm+HA==",
      "bin": {
        "tsc": "bin/tsc",
        "tsserver": "bin/tsserver"
      },
      "engines": {
        "node": ">=14.17"
      }
    }
  }
}
